
Microsoft Visual Studio Solution File, Format Version 12.00
# Visual Studio Version 16
VisualStudioVersion = 16.0.32602.291
MinimumVisualStudioVersion = 10.0.40219.1
Project("{FAE04EC0-301F-11D3-BF4B-00C04F79EFBC}") = "DemoPropelTestGit", "DemoPropelTestGit.csproj", "{399AF6B2-6441-4E15-9FDF-43571C684EC1}"
EndProject
Global
	GlobalSection(SolutionConfigurationPlatforms) = preSolution
		Debug|Any CPU = Debug|Any CPU
		Release|Any CPU = Release|Any CPU
	EndGlobalSection
	GlobalSection(ProjectConfigurationPlatforms) = postSolution
		{399AF6B2-6441-4E15-9FDF-43571C684EC1}.Debug|Any CPU.ActiveCfg = Debug|Any CPU
		{399AF6B2-6441-4E15-9FDF-43571C684EC1}.Debug|Any CPU.Build.0 = Debug|Any CPU
		{399AF6B2-6441-4E15-9FDF-43571C684EC1}.Release|Any CPU.ActiveCfg = Release|Any CPU
		{399AF6B2-6441-4E15-9FDF-43571C684EC1}.Release|Any CPU.Build.0 = Release|Any CPU
	EndGlobalSection
	GlobalSection(SolutionProperties) = preSolution
		HideSolutionNode = FALSE
	EndGlobalSection
	GlobalSection(ExtensibilityGlobals) = postSolution
		SolutionGuid = {57C24DFF-05F0-475F-B12E-6FC1B7F23ACF}
	EndGlobalSection
EndGlobal
